
Microsoft Visual Studio Solution File, Format Version 12.00
# Visual Studio Version 16
VisualStudioVersion = 16.0.29728.190
MinimumVisualStudioVersion = 10.0.40219.1
Project("{FAE04EC0-301F-11D3-BF4B-00C04F79EFBC}") = "rec-cpp-gen", "rec-cpp-gen\rec-cpp-gen.csproj", "{1A85F548-0376-4A3D-B113-1131376120DA}"
EndProject
Global
	GlobalSection(SolutionConfigurationPlatforms) = preSolution
		Debug|Any CPU = Debug|Any CPU
		Release|Any CPU = Release|Any CPU
	EndGlobalSection
	GlobalSection(ProjectConfigurationPlatforms) = postSolution
		{1A85F548-0376-4A3D-B113-1131376120DA}.Debug|Any CPU.ActiveCfg = Debug|Any CPU
		{1A85F548-0376-4A3D-B113-1131376120DA}.Debug|Any CPU.Build.0 = Debug|Any CPU
		{1A85F548-0376-4A3D-B113-1131376120DA}.Release|Any CPU.ActiveCfg = Release|Any CPU
		{1A85F548-0376-4A3D-B113-1131376120DA}.Release|Any CPU.Build.0 = Release|Any CPU
	EndGlobalSection
	GlobalSection(SolutionProperties) = preSolution
		HideSolutionNode = FALSE
	EndGlobalSection
	GlobalSection(ExtensibilityGlobals) = postSolution
		SolutionGuid = {61452277-E59D-45E7-823A-6B2ECDAAF7C8}
	EndGlobalSection
EndGlobal
