// !$*UTF8*$!
{
	archiveVersion = 1;
	classes = {
	};
	objectVersion = 46;
	objects = {

/* Begin PBXBuildFile section */
		5312C07024080EDA00C67C85 /* EmuGLView.m in Sources */ = {isa = PBXBuildFile; fileRef = 5312C06F24080EDA00C67C85 /* EmuGLView.m */; };
		5312C07424081C3800C67C85 /* AppDelegate.mm in Sources */ = {isa = PBXBuildFile; fileRef = 5312C07324081C3800C67C85 /* AppDelegate.mm */; };
		5312C07824081DEE00C67C85 /* emulator_osxTests.m in Sources */ = {isa = PBXBuildFile; fileRef = 5312C07624081DE100C67C85 /* emulator_osxTests.m */; };
		5317CF4624086353008A1850 /* Cocoa.framework in Frameworks */ = {isa = PBXBuildFile; fileRef = 5317CF4524086353008A1850 /* Cocoa.framework */; };
		531EE02E242A8CB800398FC1 /* CoreAudio.framework in Frameworks */ = {isa = PBXBuildFile; fileRef = 531EE02D242A8CAB00398FC1 /* CoreAudio.framework */; };
		531EE02F242A8CB900398FC1 /* AudioUnit.framework in Frameworks */ = {isa = PBXBuildFile; fileRef = 531EE02C242A8CAB00398FC1 /* AudioUnit.framework */; };
		531EE035242A95EE00398FC1 /* libswirl.a in Frameworks */ = {isa = PBXBuildFile; fileRef = 531EE034242A95EE00398FC1 /* libswirl.a */; };
		53836184240EDBE2006AE5B4 /* main.m in Sources */ = {isa = PBXBuildFile; fileRef = 53836183240EDBE2006AE5B4 /* main.m */; };
		539D7B282409EC32004E57BD /* OpenGL.framework in Frameworks */ = {isa = PBXBuildFile; fileRef = 5317CF4724086368008A1850 /* OpenGL.framework */; };
		84A388BB1B1CDD3E000166C0 /* Images.xcassets in Resources */ = {isa = PBXBuildFile; fileRef = 84A388BA1B1CDD3E000166C0 /* Images.xcassets */; };
		84B7BF831B727AD700F9733F /* input.mm in Sources */ = {isa = PBXBuildFile; fileRef = 84B7BF821B727AD700F9733F /* input.mm */; };
/* End PBXBuildFile section */

/* Begin PBXContainerItemProxy section */
		84A388C41B1CDD3F000166C0 /* PBXContainerItemProxy */ = {
			isa = PBXContainerItemProxy;
			containerPortal = 84A388AB1B1CDD3E000166C0 /* Project object */;
			proxyType = 1;
			remoteGlobalIDString = 84A388B21B1CDD3E000166C0;
			remoteInfo = "reicast-osx";
		};
/* End PBXContainerItemProxy section */

/* Begin PBXFileReference section */
		5312C06F24080EDA00C67C85 /* EmuGLView.m */ = {isa = PBXFileReference; lastKnownFileType = sourcecode.c.objc; path = EmuGLView.m; sourceTree = "<group>"; };
		5312C07124080F0200C67C85 /* EmuGLView.h */ = {isa = PBXFileReference; lastKnownFileType = sourcecode.c.h; path = EmuGLView.h; sourceTree = "<group>"; };
		5312C07224081C3800C67C85 /* AppDelegate.h */ = {isa = PBXFileReference; lastKnownFileType = sourcecode.c.h; path = AppDelegate.h; sourceTree = "<group>"; };
		5312C07324081C3800C67C85 /* AppDelegate.mm */ = {isa = PBXFileReference; lastKnownFileType = sourcecode.cpp.objcpp; path = AppDelegate.mm; sourceTree = "<group>"; };
		5312C07524081DE100C67C85 /* emulator_osxTests.h */ = {isa = PBXFileReference; lastKnownFileType = sourcecode.c.h; path = emulator_osxTests.h; sourceTree = "<group>"; };
		5312C07624081DE100C67C85 /* emulator_osxTests.m */ = {isa = PBXFileReference; lastKnownFileType = sourcecode.c.objc; path = emulator_osxTests.m; sourceTree = "<group>"; };
		5317CF4524086353008A1850 /* Cocoa.framework */ = {isa = PBXFileReference; lastKnownFileType = wrapper.framework; name = Cocoa.framework; path = System/Library/Frameworks/Cocoa.framework; sourceTree = SDKROOT; };
		5317CF4724086368008A1850 /* OpenGL.framework */ = {isa = PBXFileReference; lastKnownFileType = wrapper.framework; name = OpenGL.framework; path = System/Library/Frameworks/OpenGL.framework; sourceTree = SDKROOT; };
		531EE02C242A8CAB00398FC1 /* AudioUnit.framework */ = {isa = PBXFileReference; lastKnownFileType = wrapper.framework; name = AudioUnit.framework; path = System/Library/Frameworks/AudioUnit.framework; sourceTree = SDKROOT; };
		531EE02D242A8CAB00398FC1 /* CoreAudio.framework */ = {isa = PBXFileReference; lastKnownFileType = wrapper.framework; name = CoreAudio.framework; path = System/Library/Frameworks/CoreAudio.framework; sourceTree = SDKROOT; };
		531EE034242A95EE00398FC1 /* libswirl.a */ = {isa = PBXFileReference; explicitFileType = archive.ar; path = libswirl.a; sourceTree = BUILT_PRODUCTS_DIR; };
		53836183240EDBE2006AE5B4 /* main.m */ = {isa = PBXFileReference; lastKnownFileType = sourcecode.c.objc; path = main.m; sourceTree = "<group>"; };
		84A388B31B1CDD3E000166C0 /* Reicast.app */ = {isa = PBXFileReference; explicitFileType = wrapper.application; includeInIndex = 0; path = Reicast.app; sourceTree = BUILT_PRODUCTS_DIR; };
		84A388B71B1CDD3E000166C0 /* Info.plist */ = {isa = PBXFileReference; lastKnownFileType = text.plist.xml; path = Info.plist; sourceTree = "<group>"; };
		84A388BA1B1CDD3E000166C0 /* Images.xcassets */ = {isa = PBXFileReference; lastKnownFileType = folder.assetcatalog; path = Images.xcassets; sourceTree = "<group>"; };
		84A388C31B1CDD3F000166C0 /* reicast-osxTests.xctest */ = {isa = PBXFileReference; explicitFileType = wrapper.cfbundle; includeInIndex = 0; path = "reicast-osxTests.xctest"; sourceTree = BUILT_PRODUCTS_DIR; };
		84A388C81B1CDD3F000166C0 /* Info.plist */ = {isa = PBXFileReference; lastKnownFileType = text.plist.xml; path = Info.plist; sourceTree = "<group>"; };
		84B7BF821B727AD700F9733F /* input.mm */ = {isa = PBXFileReference; fileEncoding = 4; lastKnownFileType = sourcecode.cpp.objcpp; path = input.mm; sourceTree = "<group>"; };
		84B7BF841B72821900F9733F /* input.h */ = {isa = PBXFileReference; lastKnownFileType = sourcecode.c.h; path = input.h; sourceTree = "<group>"; };
		AE60BD9F22256E2500FA8A5B /* OSXKeyboardDevice.hpp */ = {isa = PBXFileReference; lastKnownFileType = sourcecode.cpp.h; path = OSXKeyboardDevice.hpp; sourceTree = "<group>"; };
		AE60BDA02225725800FA8A5B /* OSXGamepadDevice.hpp */ = {isa = PBXFileReference; lastKnownFileType = sourcecode.cpp.h; path = OSXGamepadDevice.hpp; sourceTree = "<group>"; };
/* End PBXFileReference section */

/* Begin PBXFrameworksBuildPhase section */
		84A388B01B1CDD3E000166C0 /* Frameworks */ = {
			isa = PBXFrameworksBuildPhase;
			buildActionMask = 2147483647;
			files = (
				531EE035242A95EE00398FC1 /* libswirl.a in Frameworks */,
				539D7B282409EC32004E57BD /* OpenGL.framework in Frameworks */,
				5317CF4624086353008A1850 /* Cocoa.framework in Frameworks */,
				531EE02E242A8CB800398FC1 /* CoreAudio.framework in Frameworks */,
				531EE02F242A8CB900398FC1 /* AudioUnit.framework in Frameworks */,
			);
			runOnlyForDeploymentPostprocessing = 0;
		};
		84A388C01B1CDD3F000166C0 /* Frameworks */ = {
			isa = PBXFrameworksBuildPhase;
			buildActionMask = 2147483647;
			files = (
			);
			runOnlyForDeploymentPostprocessing = 0;
		};
/* End PBXFrameworksBuildPhase section */

/* Begin PBXGroup section */
		5317CF4424086352008A1850 /* Frameworks */ = {
			isa = PBXGroup;
			children = (
				531EE034242A95EE00398FC1 /* libswirl.a */,
				531EE02C242A8CAB00398FC1 /* AudioUnit.framework */,
				531EE02D242A8CAB00398FC1 /* CoreAudio.framework */,
				5317CF4724086368008A1850 /* OpenGL.framework */,
				5317CF4524086353008A1850 /* Cocoa.framework */,
			);
			name = Frameworks;
			sourceTree = "<group>";
		};
		84A388AA1B1CDD3E000166C0 = {
			isa = PBXGroup;
			children = (
				84A388B51B1CDD3E000166C0 /* reicast-osx */,
				84A388C61B1CDD3F000166C0 /* reicast-osxTests */,
				84A388B41B1CDD3E000166C0 /* Products */,
				5317CF4424086352008A1850 /* Frameworks */,
			);
			sourceTree = "<group>";
		};
		84A388B41B1CDD3E000166C0 /* Products */ = {
			isa = PBXGroup;
			children = (
				84A388B31B1CDD3E000166C0 /* Reicast.app */,
				84A388C31B1CDD3F000166C0 /* reicast-osxTests.xctest */,
			);
			name = Products;
			sourceTree = "<group>";
		};
		84A388B51B1CDD3E000166C0 /* reicast-osx */ = {
			isa = PBXGroup;
			children = (
				84A388BA1B1CDD3E000166C0 /* Images.xcassets */,
				5312C07224081C3800C67C85 /* AppDelegate.h */,
				5312C07324081C3800C67C85 /* AppDelegate.mm */,
				5312C07124080F0200C67C85 /* EmuGLView.h */,
				5312C06F24080EDA00C67C85 /* EmuGLView.m */,
				AE60BD9F22256E2500FA8A5B /* OSXKeyboardDevice.hpp */,
				AE60BDA02225725800FA8A5B /* OSXGamepadDevice.hpp */,
				84B7BF841B72821900F9733F /* input.h */,
				84B7BF821B727AD700F9733F /* input.mm */,
				84A388B61B1CDD3E000166C0 /* Supporting Files */,
			);
			name = "reicast-osx";
			path = "emulator-osx";
			sourceTree = "<group>";
		};
		84A388B61B1CDD3E000166C0 /* Supporting Files */ = {
			isa = PBXGroup;
			children = (
				84A388B71B1CDD3E000166C0 /* Info.plist */,
				53836183240EDBE2006AE5B4 /* main.m */,
			);
			name = "Supporting Files";
			sourceTree = "<group>";
		};
		84A388C61B1CDD3F000166C0 /* reicast-osxTests */ = {
			isa = PBXGroup;
			children = (
				5312C07524081DE100C67C85 /* emulator_osxTests.h */,
				5312C07624081DE100C67C85 /* emulator_osxTests.m */,
				84A388C71B1CDD3F000166C0 /* Supporting Files */,
			);
			name = "reicast-osxTests";
			path = "emulator-osxTests";
			sourceTree = "<group>";
		};
		84A388C71B1CDD3F000166C0 /* Supporting Files */ = {
			isa = PBXGroup;
			children = (
				84A388C81B1CDD3F000166C0 /* Info.plist */,
			);
			name = "Supporting Files";
			sourceTree = "<group>";
		};
/* End PBXGroup section */

/* Begin PBXNativeTarget section */
		84A388B21B1CDD3E000166C0 /* reicast-osx */ = {
			isa = PBXNativeTarget;
			buildConfigurationList = 84A388CD1B1CDD3F000166C0 /* Build configuration list for PBXNativeTarget "reicast-osx" */;
			buildPhases = (
				AE60BDA5222B7E8000FA8A5B /* ShellScript */,
				84A388AF1B1CDD3E000166C0 /* Sources */,
				84A388B01B1CDD3E000166C0 /* Frameworks */,
				84A388B11B1CDD3E000166C0 /* Resources */,
			);
			buildRules = (
			);
			dependencies = (
			);
			name = "reicast-osx";
			productName = "reicast-osx";
			productReference = 84A388B31B1CDD3E000166C0 /* Reicast.app */;
			productType = "com.apple.product-type.application";
		};
		84A388C21B1CDD3F000166C0 /* reicast-osxTests */ = {
			isa = PBXNativeTarget;
			buildConfigurationList = 84A388D01B1CDD3F000166C0 /* Build configuration list for PBXNativeTarget "reicast-osxTests" */;
			buildPhases = (
				84A388BF1B1CDD3F000166C0 /* Sources */,
				84A388C01B1CDD3F000166C0 /* Frameworks */,
				84A388C11B1CDD3F000166C0 /* Resources */,
			);
			buildRules = (
			);
			dependencies = (
				84A388C51B1CDD3F000166C0 /* PBXTargetDependency */,
			);
			name = "reicast-osxTests";
			productName = "reicast-osxTests";
			productReference = 84A388C31B1CDD3F000166C0 /* reicast-osxTests.xctest */;
			productType = "com.apple.product-type.bundle.unit-test";
		};
/* End PBXNativeTarget section */

/* Begin PBXProject section */
		84A388AB1B1CDD3E000166C0 /* Project object */ = {
			isa = PBXProject;
			attributes = {
				LastSwiftUpdateCheck = 0700;
				LastUpgradeCheck = 1130;
				ORGANIZATIONNAME = reicast;
				TargetAttributes = {
					84A388B21B1CDD3E000166C0 = {
						CreatedOnToolsVersion = 6.1;
						LastSwiftMigration = 0820;
					};
					84A388C21B1CDD3F000166C0 = {
						CreatedOnToolsVersion = 6.1;
						LastSwiftMigration = 0820;
						TestTargetID = 84A388B21B1CDD3E000166C0;
					};
				};
			};
			buildConfigurationList = 84A388AE1B1CDD3E000166C0 /* Build configuration list for PBXProject "reicast-osx" */;
			compatibilityVersion = "Xcode 3.2";
			developmentRegion = en;
			hasScannedForEncodings = 0;
			knownRegions = (
				en,
				Base,
			);
			mainGroup = 84A388AA1B1CDD3E000166C0;
			productRefGroup = 84A388B41B1CDD3E000166C0 /* Products */;
			projectDirPath = "";
			projectRoot = "";
			targets = (
				84A388B21B1CDD3E000166C0 /* reicast-osx */,
				84A388C21B1CDD3F000166C0 /* reicast-osxTests */,
			);
		};
/* End PBXProject section */

/* Begin PBXResourcesBuildPhase section */
		84A388B11B1CDD3E000166C0 /* Resources */ = {
			isa = PBXResourcesBuildPhase;
			buildActionMask = 2147483647;
			files = (
				84A388BB1B1CDD3E000166C0 /* Images.xcassets in Resources */,
			);
			runOnlyForDeploymentPostprocessing = 0;
		};
		84A388C11B1CDD3F000166C0 /* Resources */ = {
			isa = PBXResourcesBuildPhase;
			buildActionMask = 2147483647;
			files = (
			);
			runOnlyForDeploymentPostprocessing = 0;
		};
/* End PBXResourcesBuildPhase section */

/* Begin PBXShellScriptBuildPhase section */
		AE60BDA5222B7E8000FA8A5B /* ShellScript */ = {
			isa = PBXShellScriptBuildPhase;
			buildActionMask = 2147483647;
			files = (
			);
			inputPaths = (
			);
			outputPaths = (
			);
			runOnlyForDeploymentPostprocessing = 0;
			shellPath = /bin/sh;
			shellScript = "echo \"#define REICAST_VERSION \\\"`git describe --tags --always`\\\"\" > $SRCROOT/../../../libswirl/version.h\necho \"#define GIT_HASH \\\"`git rev-parse --short HEAD`\\\"\" >> $SRCROOT/../../../libswirl/version.h\necho \"#define BUILD_DATE \\\"`date '+%Y-%m-%d %H:%M:%S %Z'`\\\"\" >> $SRCROOT/../../../libswirl/version.h\n";
		};
/* End PBXShellScriptBuildPhase section */

/* Begin PBXSourcesBuildPhase section */
		84A388AF1B1CDD3E000166C0 /* Sources */ = {
			isa = PBXSourcesBuildPhase;
			buildActionMask = 2147483647;
			files = (
				5312C07024080EDA00C67C85 /* EmuGLView.m in Sources */,
				5312C07424081C3800C67C85 /* AppDelegate.mm in Sources */,
				53836184240EDBE2006AE5B4 /* main.m in Sources */,
				84B7BF831B727AD700F9733F /* input.mm in Sources */,
			);
			runOnlyForDeploymentPostprocessing = 0;
		};
		84A388BF1B1CDD3F000166C0 /* Sources */ = {
			isa = PBXSourcesBuildPhase;
			buildActionMask = 2147483647;
			files = (
				5312C07824081DEE00C67C85 /* emulator_osxTests.m in Sources */,
			);
			runOnlyForDeploymentPostprocessing = 0;
		};
/* End PBXSourcesBuildPhase section */

/* Begin PBXTargetDependency section */
		84A388C51B1CDD3F000166C0 /* PBXTargetDependency */ = {
			isa = PBXTargetDependency;
			target = 84A388B21B1CDD3E000166C0 /* reicast-osx */;
			targetProxy = 84A388C41B1CDD3F000166C0 /* PBXContainerItemProxy */;
		};
/* End PBXTargetDependency section */

/* Begin XCBuildConfiguration section */
		84A388CB1B1CDD3F000166C0 /* Debug */ = {
			isa = XCBuildConfiguration;
			buildSettings = {
				ALWAYS_SEARCH_USER_PATHS = NO;
				CLANG_ANALYZER_LOCALIZABILITY_NONLOCALIZED = YES;
				CLANG_CXX_LANGUAGE_STANDARD = "gnu++0x";
				CLANG_CXX_LIBRARY = "libc++";
				CLANG_ENABLE_OBJC_ARC = YES;
				CLANG_WARN_BLOCK_CAPTURE_AUTORELEASING = YES;
				CLANG_WARN_BOOL_CONVERSION = YES;
				CLANG_WARN_COMMA = YES;
				CLANG_WARN_CONSTANT_CONVERSION = YES;
				CLANG_WARN_DEPRECATED_OBJC_IMPLEMENTATIONS = YES;
				CLANG_WARN_DIRECT_OBJC_ISA_USAGE = YES_ERROR;
				CLANG_WARN_EMPTY_BODY = YES;
				CLANG_WARN_ENUM_CONVERSION = YES;
				CLANG_WARN_INFINITE_RECURSION = YES;
				CLANG_WARN_INT_CONVERSION = YES;
				CLANG_WARN_NON_LITERAL_NULL_CONVERSION = YES;
				CLANG_WARN_OBJC_IMPLICIT_RETAIN_SELF = YES;
				CLANG_WARN_OBJC_LITERAL_CONVERSION = YES;
				CLANG_WARN_OBJC_ROOT_CLASS = YES_ERROR;
				CLANG_WARN_RANGE_LOOP_ANALYSIS = YES;
				CLANG_WARN_STRICT_PROTOTYPES = YES;
				CLANG_WARN_SUSPICIOUS_MOVE = YES;
				CLANG_WARN_UNREACHABLE_CODE = YES;
				CLANG_WARN__DUPLICATE_METHOD_MATCH = YES;
				CODE_SIGN_IDENTITY = "-";
				COPY_PHASE_STRIP = NO;
				ENABLE_STRICT_OBJC_MSGSEND = YES;
				ENABLE_TESTABILITY = YES;
				GCC_C_LANGUAGE_STANDARD = gnu99;
				GCC_DYNAMIC_NO_PIC = NO;
				GCC_NO_COMMON_BLOCKS = YES;
				GCC_OPTIMIZATION_LEVEL = 0;
				GCC_PREPROCESSOR_DEFINITIONS = (
					TARGET_NO_WEBUI,
					TARGET_NO_NIXPROF,
					TARGET_NO_COREIO_HTTP,
					TARGET_NO_AREC,
					XBYAK_NO_OP_NAMES,
					ENABLE_MODEM,
					CHD5_LZMA,
					_7ZIP_ST,
					CHD5_FLAC,
					"PACKAGE_VERSION=\\\"1.3.2\\\"",
					"FLAC__HAS_OGG=0",
					FLAC__NO_DLL,
					HAVE_LROUND,
					HAVE_STDINT_H,
					HAVE_STDLIB_H,
					HAVE_SYS_PARAM_H,
				);
				GCC_SYMBOLS_PRIVATE_EXTERN = NO;
				GCC_WARN_64_TO_32_BIT_CONVERSION = YES;
				GCC_WARN_ABOUT_RETURN_TYPE = YES_ERROR;
				GCC_WARN_UNDECLARED_SELECTOR = YES;
				GCC_WARN_UNINITIALIZED_AUTOS = YES_AGGRESSIVE;
				GCC_WARN_UNUSED_FUNCTION = YES;
				GCC_WARN_UNUSED_VARIABLE = YES;
				MACOSX_DEPLOYMENT_TARGET = 10.9;
				MTL_ENABLE_DEBUG_INFO = YES;
				ONLY_ACTIVE_ARCH = YES;
				OTHER_CFLAGS = (
					"-DGL_SILENCE_DEPRECATION",
					"-DTARGET_NO_EXCEPTIONS",
				);
				OTHER_LDFLAGS = (
					"-force_load",
					"$(BUILT_PRODUCTS_DIR)/libswirl.a",
				);
				SDKROOT = macosx;
			};
			name = Debug;
		};
		84A388CC1B1CDD3F000166C0 /* Release */ = {
			isa = XCBuildConfiguration;
			buildSettings = {
				ALWAYS_SEARCH_USER_PATHS = NO;
				CLANG_ANALYZER_LOCALIZABILITY_NONLOCALIZED = YES;
				CLANG_CXX_LANGUAGE_STANDARD = "gnu++0x";
				CLANG_CXX_LIBRARY = "libc++";
				CLANG_ENABLE_OBJC_ARC = YES;
				CLANG_WARN_BLOCK_CAPTURE_AUTORELEASING = YES;
				CLANG_WARN_BOOL_CONVERSION = YES;
				CLANG_WARN_COMMA = YES;
				CLANG_WARN_CONSTANT_CONVERSION = YES;
				CLANG_WARN_DEPRECATED_OBJC_IMPLEMENTATIONS = YES;
				CLANG_WARN_DIRECT_OBJC_ISA_USAGE = YES_ERROR;
				CLANG_WARN_EMPTY_BODY = YES;
				CLANG_WARN_ENUM_CONVERSION = YES;
				CLANG_WARN_INFINITE_RECURSION = YES;
				CLANG_WARN_INT_CONVERSION = YES;
				CLANG_WARN_NON_LITERAL_NULL_CONVERSION = YES;
				CLANG_WARN_OBJC_IMPLICIT_RETAIN_SELF = YES;
				CLANG_WARN_OBJC_LITERAL_CONVERSION = YES;
				CLANG_WARN_OBJC_ROOT_CLASS = YES_ERROR;
				CLANG_WARN_RANGE_LOOP_ANALYSIS = YES;
				CLANG_WARN_STRICT_PROTOTYPES = YES;
				CLANG_WARN_SUSPICIOUS_MOVE = YES;
				CLANG_WARN_UNREACHABLE_CODE = YES;
				CLANG_WARN__DUPLICATE_METHOD_MATCH = YES;
				CODE_SIGN_IDENTITY = "-";
				COPY_PHASE_STRIP = YES;
				DEBUG_INFORMATION_FORMAT = "dwarf-with-dsym";
				ENABLE_NS_ASSERTIONS = NO;
				ENABLE_STRICT_OBJC_MSGSEND = YES;
				GCC_C_LANGUAGE_STANDARD = gnu99;
				GCC_NO_COMMON_BLOCKS = YES;
				GCC_PREPROCESSOR_DEFINITIONS = (
					TARGET_NO_WEBUI,
					TARGET_NO_NIXPROF,
					TARGET_NO_COREIO_HTTP,
					TARGET_NO_AREC,
					XBYAK_NO_OP_NAMES,
					ENABLE_MODEM,
					CHD5_LZMA,
					_7ZIP_ST,
					CHD5_FLAC,
					"PACKAGE_VERSION=\\\"1.3.2\\\"",
					"FLAC__HAS_OGG=0",
					FLAC__NO_DLL,
					HAVE_LROUND,
					HAVE_STDINT_H,
					HAVE_STDLIB_H,
					HAVE_SYS_PARAM_H,
					RELEASE,
				);
				GCC_WARN_64_TO_32_BIT_CONVERSION = YES;
				GCC_WARN_ABOUT_RETURN_TYPE = YES_ERROR;
				GCC_WARN_UNDECLARED_SELECTOR = YES;
				GCC_WARN_UNINITIALIZED_AUTOS = YES_AGGRESSIVE;
				GCC_WARN_UNUSED_FUNCTION = YES;
				GCC_WARN_UNUSED_VARIABLE = YES;
				MACOSX_DEPLOYMENT_TARGET = 10.9;
				MTL_ENABLE_DEBUG_INFO = NO;
				OTHER_CFLAGS = (
					"-DGL_SILENCE_DEPRECATION",
					"-DTARGET_NO_EXCEPTIONS",
				);
				OTHER_LDFLAGS = (
					"-force_load",
					"$(BUILT_PRODUCTS_DIR)/libswirl.a",
				);
				SDKROOT = macosx;
			};
			name = Release;
		};
		84A388CE1B1CDD3F000166C0 /* Debug */ = {
			isa = XCBuildConfiguration;
			buildSettings = {
				ASSETCATALOG_COMPILER_APPICON_NAME = AppIcon;
				CLANG_CXX_LANGUAGE_STANDARD = "c++14";
				CLANG_CXX_LIBRARY = "libc++";
				CODE_SIGN_IDENTITY = "-";
				COMBINE_HIDPI_IMAGES = YES;
				COMPILER_INDEX_STORE_ENABLE = NO;
				GCC_PREPROCESSOR_DEFINITIONS = (
					"DEBUG=1",
					"$(inherited)",
				);
				"GCC_PREPROCESSOR_DEFINITIONS[arch=i386]" = (
					TARGET_OSX,
					"$(inherited)",
				);
				"GCC_PREPROCESSOR_DEFINITIONS[arch=x86_64]" = (
					TARGET_OSX_X64,
					"$(inherited)",
				);
				HEADER_SEARCH_PATHS = (
					"$(inherited)",
					"$(PROJECT_DIR)/../../../libswirl/deps",
					"$(PROJECT_DIR)/../../../libswirl",
					"$(PROJECT_DIR)/../../../libswirl/gpl/deps/picotcp/**",
					"$(PROJECT_DIR)/../../../libswirl/deps/flac/include",
					"$(PROJECT_DIR)/../../../libswirl/deps/flac/src/libFLAC/include",
					"$(PROJECT_DIR)/../../../libswirl/deps/khronos",
					"$(PROJECT_DIR)/deps/libomp/include",
				);
				INFOPLIST_FILE = "emulator-osx/Info.plist";
				LD_RUNPATH_SEARCH_PATHS = "$(inherited) @executable_path/../Frameworks";
				LIBRARY_SEARCH_PATHS = "$(PROJECT_DIR)/deps/libomp/lib";
				OTHER_CFLAGS = (
					"$(inherited)",
					"-Xpreprocessor",
					"-fopenmp",
				);
				PRODUCT_BUNDLE_IDENTIFIER = "com.reicast.$(PRODUCT_NAME:rfc1034identifier)";
				PRODUCT_NAME = Reicast;
			};
			name = Debug;
		};
		84A388CF1B1CDD3F000166C0 /* Release */ = {
			isa = XCBuildConfiguration;
			buildSettings = {
				ASSETCATALOG_COMPILER_APPICON_NAME = AppIcon;
				CLANG_CXX_LANGUAGE_STANDARD = "c++14";
				CLANG_CXX_LIBRARY = "libc++";
				CODE_SIGN_IDENTITY = "-";
				COMBINE_HIDPI_IMAGES = YES;
				COMPILER_INDEX_STORE_ENABLE = NO;
				GCC_PREPROCESSOR_DEFINITIONS = "$(inherited)";
				"GCC_PREPROCESSOR_DEFINITIONS[arch=i386]" = (
					TARGET_OSX,
					"$(inherited)",
				);
				"GCC_PREPROCESSOR_DEFINITIONS[arch=x86_64]" = (
					TARGET_OSX_X64,
					"$(inherited)",
				);
				HEADER_SEARCH_PATHS = (
					"$(inherited)",
					"$(PROJECT_DIR)/../../../libswirl/deps",
					"$(PROJECT_DIR)/../../../libswirl",
					"$(PROJECT_DIR)/../../../libswirl/gpl/deps/picotcp/**",
					"$(PROJECT_DIR)/../../../libswirl/deps/flac/include",
					"$(PROJECT_DIR)/../../../libswirl/deps/flac/src/libFLAC/include",
					"$(PROJECT_DIR)/../../../libswirl/deps/khronos",
					"$(PROJECT_DIR)/deps/libomp/include",
				);
				INFOPLIST_FILE = "emulator-osx/Info.plist";
				LD_RUNPATH_SEARCH_PATHS = "$(inherited) @executable_path/../Frameworks";
				LIBRARY_SEARCH_PATHS = "$(PROJECT_DIR)/deps/libomp/lib";
				OTHER_CFLAGS = (
					"$(inherited)",
					"-Xpreprocessor",
					"-fopenmp",
				);
				PRODUCT_BUNDLE_IDENTIFIER = "com.reicast.$(PRODUCT_NAME:rfc1034identifier)";
				PRODUCT_NAME = Reicast;
			};
			name = Release;
		};
		84A388D11B1CDD3F000166C0 /* Debug */ = {
			isa = XCBuildConfiguration;
			buildSettings = {
				BUNDLE_LOADER = "$(TEST_HOST)";
				COMBINE_HIDPI_IMAGES = YES;
				FRAMEWORK_SEARCH_PATHS = (
					"$(DEVELOPER_FRAMEWORKS_DIR)",
					"$(inherited)",
				);
				GCC_PREPROCESSOR_DEFINITIONS = (
					"DEBUG=1",
					"$(inherited)",
				);
				INFOPLIST_FILE = "emulator-osxTests/Info.plist";
				LD_RUNPATH_SEARCH_PATHS = "$(inherited) @executable_path/../Frameworks @loader_path/../Frameworks";
				PRODUCT_BUNDLE_IDENTIFIER = "com.reicast.$(PRODUCT_NAME:rfc1034identifier)";
				PRODUCT_NAME = "reicast-osxTests";
				SWIFT_VERSION = 5.0;
				TEST_HOST = "$(BUILT_PRODUCTS_DIR)/reicast-osx.app/Contents/MacOS/reicast-osx";
			};
			name = Debug;
		};
		84A388D21B1CDD3F000166C0 /* Release */ = {
			isa = XCBuildConfiguration;
			buildSettings = {
				BUNDLE_LOADER = "$(TEST_HOST)";
				COMBINE_HIDPI_IMAGES = YES;
				FRAMEWORK_SEARCH_PATHS = (
					"$(DEVELOPER_FRAMEWORKS_DIR)",
					"$(inherited)",
				);
				INFOPLIST_FILE = "emulator-osxTests/Info.plist";
				LD_RUNPATH_SEARCH_PATHS = "$(inherited) @executable_path/../Frameworks @loader_path/../Frameworks";
				PRODUCT_BUNDLE_IDENTIFIER = "com.reicast.$(PRODUCT_NAME:rfc1034identifier)";
				PRODUCT_NAME = "reicast-osxTests";
				SWIFT_VERSION = 5.0;
				TEST_HOST = "$(BUILT_PRODUCTS_DIR)/reicast-osx.app/Contents/MacOS/reicast-osx";
			};
			name = Release;
		};
/* End XCBuildConfiguration section */

/* Begin XCConfigurationList section */
		84A388AE1B1CDD3E000166C0 /* Build configuration list for PBXProject "reicast-osx" */ = {
			isa = XCConfigurationList;
			buildConfigurations = (
				84A388CB1B1CDD3F000166C0 /* Debug */,
				84A388CC1B1CDD3F000166C0 /* Release */,
			);
			defaultConfigurationIsVisible = 0;
			defaultConfigurationName = Release;
		};
		84A388CD1B1CDD3F000166C0 /* Build configuration list for PBXNativeTarget "reicast-osx" */ = {
			isa = XCConfigurationList;
			buildConfigurations = (
				84A388CE1B1CDD3F000166C0 /* Debug */,
				84A388CF1B1CDD3F000166C0 /* Release */,
			);
			defaultConfigurationIsVisible = 0;
			defaultConfigurationName = Release;
		};
		84A388D01B1CDD3F000166C0 /* Build configuration list for PBXNativeTarget "reicast-osxTests" */ = {
			isa = XCConfigurationList;
			buildConfigurations = (
				84A388D11B1CDD3F000166C0 /* Debug */,
				84A388D21B1CDD3F000166C0 /* Release */,
			);
			defaultConfigurationIsVisible = 0;
			defaultConfigurationName = Release;
		};
/* End XCConfigurationList section */
	};
	rootObject = 84A388AB1B1CDD3E000166C0 /* Project object */;
}
